
Microsoft Visual Studio Solution File, Format Version 12.00
# Visual Studio Version 16
VisualStudioVersion = 16.0.30717.126
MinimumVisualStudioVersion = 10.0.40219.1
Project("{9A19103F-16F7-4668-BE54-9A1E7A4F7556}") = "SinphinityExpApi", "SinphinityExpApi\SinphinityExpApi.csproj", "{C1AC3CBA-7E45-4939-9FED-DCDCE13D7DC3}"
EndProject
Project("{9A19103F-16F7-4668-BE54-9A1E7A4F7556}") = "Melanchall.DryWetMidi", "DryWetMidi\Melanchall.DryWetMidi.csproj", "{61A7CF2D-C494-4660-A717-8C8A6C475DFA}"
EndProject
Project("{9A19103F-16F7-4668-BE54-9A1E7A4F7556}") = "SinphinityModel", "SinphinityModel\SinphinityModel.csproj", "{65D95672-E691-4B8F-A3D0-6A603238CF98}"
EndProject
Project("{9A19103F-16F7-4668-BE54-9A1E7A4F7556}") = "SinphinityProcMidi", "SinphinityProcMidi\SinphinityProcMidi.csproj", "{8F5BDA14-B875-452F-8C21-9B5C0D9B5F4A}"
EndProject
Project("{9A19103F-16F7-4668-BE54-9A1E7A4F7556}") = "SinphinitySysStore", "SinphinitySysStore\SinphinitySysStore.csproj", "{E12FE928-C30B-4ADA-9332-62414A1D091F}"
EndProject
Project("{9A19103F-16F7-4668-BE54-9A1E7A4F7556}") = "SinphinityProcPatternApi", "SinphinityProcPatternApi\SinphinityProcPatternApi.csproj", "{0B3BB3CB-DA0D-4742-9217-6BCAF49993E1}"
EndProject
Project("{9A19103F-16F7-4668-BE54-9A1E7A4F7556}") = "CommonRestLib", "CommonRestLib\CommonRestLib.csproj", "{A573FB2E-2AE7-4D6C-B7D0-DBBFA63E7562}"
EndProject
Project("{FAE04EC0-301F-11D3-BF4B-00C04F79EFBC}") = "SinphinityGraphApi", "SinphinityGraphApi\SinphinityGraphApi.csproj", "{24E73F56-6B2B-437E-A488-E659D981DBFC}"
EndProject
Global
	GlobalSection(SolutionConfigurationPlatforms) = preSolution
		Debug|Any CPU = Debug|Any CPU
		Release|Any CPU = Release|Any CPU
	EndGlobalSection
	GlobalSection(ProjectConfigurationPlatforms) = postSolution
		{C1AC3CBA-7E45-4939-9FED-DCDCE13D7DC3}.Debug|Any CPU.ActiveCfg = Debug|Any CPU
		{C1AC3CBA-7E45-4939-9FED-DCDCE13D7DC3}.Debug|Any CPU.Build.0 = Debug|Any CPU
		{C1AC3CBA-7E45-4939-9FED-DCDCE13D7DC3}.Release|Any CPU.ActiveCfg = Release|Any CPU
		{C1AC3CBA-7E45-4939-9FED-DCDCE13D7DC3}.Release|Any CPU.Build.0 = Release|Any CPU
		{61A7CF2D-C494-4660-A717-8C8A6C475DFA}.Debug|Any CPU.ActiveCfg = Debug|Any CPU
		{61A7CF2D-C494-4660-A717-8C8A6C475DFA}.Debug|Any CPU.Build.0 = Debug|Any CPU
		{61A7CF2D-C494-4660-A717-8C8A6C475DFA}.Release|Any CPU.ActiveCfg = Release|Any CPU
		{61A7CF2D-C494-4660-A717-8C8A6C475DFA}.Release|Any CPU.Build.0 = Release|Any CPU
		{65D95672-E691-4B8F-A3D0-6A603238CF98}.Debug|Any CPU.ActiveCfg = Debug|Any CPU
		{65D95672-E691-4B8F-A3D0-6A603238CF98}.Debug|Any CPU.Build.0 = Debug|Any CPU
		{65D95672-E691-4B8F-A3D0-6A603238CF98}.Release|Any CPU.ActiveCfg = Release|Any CPU
		{65D95672-E691-4B8F-A3D0-6A603238CF98}.Release|Any CPU.Build.0 = Release|Any CPU
		{8F5BDA14-B875-452F-8C21-9B5C0D9B5F4A}.Debug|Any CPU.ActiveCfg = Debug|Any CPU
		{8F5BDA14-B875-452F-8C21-9B5C0D9B5F4A}.Debug|Any CPU.Build.0 = Debug|Any CPU
		{8F5BDA14-B875-452F-8C21-9B5C0D9B5F4A}.Release|Any CPU.ActiveCfg = Release|Any CPU
		{8F5BDA14-B875-452F-8C21-9B5C0D9B5F4A}.Release|Any CPU.Build.0 = Release|Any CPU
		{E12FE928-C30B-4ADA-9332-62414A1D091F}.Debug|Any CPU.ActiveCfg = Debug|Any CPU
		{E12FE928-C30B-4ADA-9332-62414A1D091F}.Debug|Any CPU.Build.0 = Debug|Any CPU
		{E12FE928-C30B-4ADA-9332-62414A1D091F}.Release|Any CPU.ActiveCfg = Release|Any CPU
		{E12FE928-C30B-4ADA-9332-62414A1D091F}.Release|Any CPU.Build.0 = Release|Any CPU
		{0B3BB3CB-DA0D-4742-9217-6BCAF49993E1}.Debug|Any CPU.ActiveCfg = Debug|Any CPU
		{0B3BB3CB-DA0D-4742-9217-6BCAF49993E1}.Debug|Any CPU.Build.0 = Debug|Any CPU
		{0B3BB3CB-DA0D-4742-9217-6BCAF49993E1}.Release|Any CPU.ActiveCfg = Release|Any CPU
		{0B3BB3CB-DA0D-4742-9217-6BCAF49993E1}.Release|Any CPU.Build.0 = Release|Any CPU
		{A573FB2E-2AE7-4D6C-B7D0-DBBFA63E7562}.Debug|Any CPU.ActiveCfg = Debug|Any CPU
		{A573FB2E-2AE7-4D6C-B7D0-DBBFA63E7562}.Debug|Any CPU.Build.0 = Debug|Any CPU
		{A573FB2E-2AE7-4D6C-B7D0-DBBFA63E7562}.Release|Any CPU.ActiveCfg = Release|Any CPU
		{A573FB2E-2AE7-4D6C-B7D0-DBBFA63E7562}.Release|Any CPU.Build.0 = Release|Any CPU
		{24E73F56-6B2B-437E-A488-E659D981DBFC}.Debug|Any CPU.ActiveCfg = Debug|Any CPU
		{24E73F56-6B2B-437E-A488-E659D981DBFC}.Debug|Any CPU.Build.0 = Debug|Any CPU
		{24E73F56-6B2B-437E-A488-E659D981DBFC}.Release|Any CPU.ActiveCfg = Release|Any CPU
		{24E73F56-6B2B-437E-A488-E659D981DBFC}.Release|Any CPU.Build.0 = Release|Any CPU
	EndGlobalSection
	GlobalSection(SolutionProperties) = preSolution
		HideSolutionNode = FALSE
	EndGlobalSection
	GlobalSection(ExtensibilityGlobals) = postSolution
		SolutionGuid = {182ACB18-7DBD-4711-AA17-BF0F78FE19F8}
	EndGlobalSection
EndGlobal
